
Microsoft Visual Studio Solution File, Format Version 12.00
# Visual Studio Version 17
VisualStudioVersion = 17.4.33205.214
MinimumVisualStudioVersion = 10.0.40219.1
Project("{FAE04EC0-301F-11D3-BF4B-00C04F79EFBC}") = "ApiOnePiece", "ApiOnePiece.csproj", "{881F36BB-F222-4626-B621-D0E6A2E87B83}"
EndProject
Global
	GlobalSection(SolutionConfigurationPlatforms) = preSolution
		Debug|Any CPU = Debug|Any CPU
		Release|Any CPU = Release|Any CPU
	EndGlobalSection
	GlobalSection(ProjectConfigurationPlatforms) = postSolution
		{881F36BB-F222-4626-B621-D0E6A2E87B83}.Debug|Any CPU.ActiveCfg = Debug|Any CPU
		{881F36BB-F222-4626-B621-D0E6A2E87B83}.Debug|Any CPU.Build.0 = Debug|Any CPU
		{881F36BB-F222-4626-B621-D0E6A2E87B83}.Release|Any CPU.ActiveCfg = Release|Any CPU
		{881F36BB-F222-4626-B621-D0E6A2E87B83}.Release|Any CPU.Build.0 = Release|Any CPU
	EndGlobalSection
	GlobalSection(SolutionProperties) = preSolution
		HideSolutionNode = FALSE
	EndGlobalSection
	GlobalSection(ExtensibilityGlobals) = postSolution
		SolutionGuid = {7B243D75-8197-476A-B980-0F2A9E7E17B9}
	EndGlobalSection
EndGlobal
